// !$*UTF8*$!
{
	archiveVersion = 1;
	classes = {
	};
	objectVersion = 55;
	objects = {

/* Begin PBXBuildFile section */
		844D35E027E1B9350005E4DB /* ReminderViewController.swift in Sources */ = {isa = PBXBuildFile; fileRef = 844D35DF27E1B9350005E4DB /* ReminderViewController.swift */; };
		844D35E327E1BCC10005E4DB /* ReminderViewController+Row.swift in Sources */ = {isa = PBXBuildFile; fileRef = 844D35E227E1BCC10005E4DB /* ReminderViewController+Row.swift */; };
		8456B0EA27DF1207008CE470 /* ReminderListViewController+DataSource.swift in Sources */ = {isa = PBXBuildFile; fileRef = 8456B0E927DF1207008CE470 /* ReminderListViewController+DataSource.swift */; };
		8456B0EC27DF17A5008CE470 /* UIColor+Today.swift in Sources */ = {isa = PBXBuildFile; fileRef = 8456B0EB27DF17A5008CE470 /* UIColor+Today.swift */; };
		847AF3D527E12A0C00763591 /* ReminderDoneButton.swift in Sources */ = {isa = PBXBuildFile; fileRef = 847AF3D427E12A0C00763591 /* ReminderDoneButton.swift */; };
		847AF3D727E12B7E00763591 /* ReminderController+Action.swift in Sources */ = {isa = PBXBuildFile; fileRef = 847AF3D627E12B7E00763591 /* ReminderController+Action.swift */; };
		84F09AA427DE2A4C00FA579B /* AppDelegate.swift in Sources */ = {isa = PBXBuildFile; fileRef = 84F09AA327DE2A4C00FA579B /* AppDelegate.swift */; };
		84F09AA627DE2A4C00FA579B /* SceneDelegate.swift in Sources */ = {isa = PBXBuildFile; fileRef = 84F09AA527DE2A4C00FA579B /* SceneDelegate.swift */; };
		84F09AA827DE2A4C00FA579B /* ReminderListViewController.swift in Sources */ = {isa = PBXBuildFile; fileRef = 84F09AA727DE2A4C00FA579B /* ReminderListViewController.swift */; };
		84F09AAB27DE2A4C00FA579B /* Main.storyboard in Resources */ = {isa = PBXBuildFile; fileRef = 84F09AA927DE2A4C00FA579B /* Main.storyboard */; };
		84F09AAD27DE2A4D00FA579B /* Assets.xcassets in Resources */ = {isa = PBXBuildFile; fileRef = 84F09AAC27DE2A4D00FA579B /* Assets.xcassets */; };
		84F09AB027DE2A4D00FA579B /* LaunchScreen.storyboard in Resources */ = {isa = PBXBuildFile; fileRef = 84F09AAE27DE2A4D00FA579B /* LaunchScreen.storyboard */; };
		84F09AB827DE2C2400FA579B /* Reminder.swift in Sources */ = {isa = PBXBuildFile; fileRef = 84F09AB727DE2C2400FA579B /* Reminder.swift */; };
		84F09ABB27DE865900FA579B /* Date+Today.swift in Sources */ = {isa = PBXBuildFile; fileRef = 84F09ABA27DE865900FA579B /* Date+Today.swift */; };
/* End PBXBuildFile section */

/* Begin PBXFileReference section */
		844D35DF27E1B9350005E4DB /* ReminderViewController.swift */ = {isa = PBXFileReference; lastKnownFileType = sourcecode.swift; path = ReminderViewController.swift; sourceTree = "<group>"; };
		844D35E227E1BCC10005E4DB /* ReminderViewController+Row.swift */ = {isa = PBXFileReference; lastKnownFileType = sourcecode.swift; path = "ReminderViewController+Row.swift"; sourceTree = "<group>"; };
		8456B0E927DF1207008CE470 /* ReminderListViewController+DataSource.swift */ = {isa = PBXFileReference; lastKnownFileType = sourcecode.swift; path = "ReminderListViewController+DataSource.swift"; sourceTree = "<group>"; };
		8456B0EB27DF17A5008CE470 /* UIColor+Today.swift */ = {isa = PBXFileReference; lastKnownFileType = sourcecode.swift; path = "UIColor+Today.swift"; sourceTree = "<group>"; };
		847AF3D427E12A0C00763591 /* ReminderDoneButton.swift */ = {isa = PBXFileReference; lastKnownFileType = sourcecode.swift; path = ReminderDoneButton.swift; sourceTree = "<group>"; };
		847AF3D627E12B7E00763591 /* ReminderController+Action.swift */ = {isa = PBXFileReference; lastKnownFileType = sourcecode.swift; path = "ReminderController+Action.swift"; sourceTree = "<group>"; };
		84F09AA027DE2A4C00FA579B /* Today.app */ = {isa = PBXFileReference; explicitFileType = wrapper.application; includeInIndex = 0; path = Today.app; sourceTree = BUILT_PRODUCTS_DIR; };
		84F09AA327DE2A4C00FA579B /* AppDelegate.swift */ = {isa = PBXFileReference; lastKnownFileType = sourcecode.swift; path = AppDelegate.swift; sourceTree = "<group>"; };
		84F09AA527DE2A4C00FA579B /* SceneDelegate.swift */ = {isa = PBXFileReference; lastKnownFileType = sourcecode.swift; path = SceneDelegate.swift; sourceTree = "<group>"; };
		84F09AA727DE2A4C00FA579B /* ReminderListViewController.swift */ = {isa = PBXFileReference; lastKnownFileType = sourcecode.swift; path = ReminderListViewController.swift; sourceTree = "<group>"; };
		84F09AAA27DE2A4C00FA579B /* Base */ = {isa = PBXFileReference; lastKnownFileType = file.storyboard; name = Base; path = Base.lproj/Main.storyboard; sourceTree = "<group>"; };
		84F09AAC27DE2A4D00FA579B /* Assets.xcassets */ = {isa = PBXFileReference; lastKnownFileType = folder.assetcatalog; path = Assets.xcassets; sourceTree = "<group>"; };
		84F09AAF27DE2A4D00FA579B /* Base */ = {isa = PBXFileReference; lastKnownFileType = file.storyboard; name = Base; path = Base.lproj/LaunchScreen.storyboard; sourceTree = "<group>"; };
		84F09AB127DE2A4D00FA579B /* Info.plist */ = {isa = PBXFileReference; lastKnownFileType = text.plist.xml; path = Info.plist; sourceTree = "<group>"; };
		84F09AB727DE2C2400FA579B /* Reminder.swift */ = {isa = PBXFileReference; lastKnownFileType = sourcecode.swift; path = Reminder.swift; sourceTree = "<group>"; };
		84F09ABA27DE865900FA579B /* Date+Today.swift */ = {isa = PBXFileReference; lastKnownFileType = sourcecode.swift; path = "Date+Today.swift"; sourceTree = "<group>"; };
/* End PBXFileReference section */

/* Begin PBXFrameworksBuildPhase section */
		84F09A9D27DE2A4B00FA579B /* Frameworks */ = {
			isa = PBXFrameworksBuildPhase;
			buildActionMask = 2147483647;
			files = (
			);
			runOnlyForDeploymentPostprocessing = 0;
		};
/* End PBXFrameworksBuildPhase section */

/* Begin PBXGroup section */
		844D35E127E1BC960005E4DB /* DetailViewController */ = {
			isa = PBXGroup;
			children = (
				844D35DF27E1B9350005E4DB /* ReminderViewController.swift */,
				844D35E227E1BCC10005E4DB /* ReminderViewController+Row.swift */,
			);
			path = DetailViewController;
			sourceTree = "<group>";
		};
		8456B0E827DF11A7008CE470 /* ListViewController */ = {
			isa = PBXGroup;
			children = (
				84F09AA727DE2A4C00FA579B /* ReminderListViewController.swift */,
				847AF3D427E12A0C00763591 /* ReminderDoneButton.swift */,
				8456B0E927DF1207008CE470 /* ReminderListViewController+DataSource.swift */,
				847AF3D627E12B7E00763591 /* ReminderController+Action.swift */,
			);
			path = ListViewController;
			sourceTree = "<group>";
		};
		84F09A9727DE2A4B00FA579B = {
			isa = PBXGroup;
			children = (
				84F09AA227DE2A4C00FA579B /* Today */,
				84F09AA127DE2A4C00FA579B /* Products */,
			);
			sourceTree = "<group>";
		};
		84F09AA127DE2A4C00FA579B /* Products */ = {
			isa = PBXGroup;
			children = (
				84F09AA027DE2A4C00FA579B /* Today.app */,
			);
			name = Products;
			sourceTree = "<group>";
		};
		84F09AA227DE2A4C00FA579B /* Today */ = {
			isa = PBXGroup;
			children = (
				84F09AB927DE2C2800FA579B /* Models */,
				84F09AA327DE2A4C00FA579B /* AppDelegate.swift */,
				844D35E127E1BC960005E4DB /* DetailViewController */,
				84F09AA527DE2A4C00FA579B /* SceneDelegate.swift */,
				8456B0E827DF11A7008CE470 /* ListViewController */,
				84F09AA927DE2A4C00FA579B /* Main.storyboard */,
				84F09AAC27DE2A4D00FA579B /* Assets.xcassets */,
				84F09AAE27DE2A4D00FA579B /* LaunchScreen.storyboard */,
				84F09AB127DE2A4D00FA579B /* Info.plist */,
			);
			path = Today;
			sourceTree = "<group>";
		};
		84F09AB927DE2C2800FA579B /* Models */ = {
			isa = PBXGroup;
			children = (
				84F09AB727DE2C2400FA579B /* Reminder.swift */,
				84F09ABA27DE865900FA579B /* Date+Today.swift */,
				8456B0EB27DF17A5008CE470 /* UIColor+Today.swift */,
			);
			path = Models;
			sourceTree = "<group>";
		};
/* End PBXGroup section */

/* Begin PBXNativeTarget section */
		84F09A9F27DE2A4B00FA579B /* Today */ = {
			isa = PBXNativeTarget;
			buildConfigurationList = 84F09AB427DE2A4D00FA579B /* Build configuration list for PBXNativeTarget "Today" */;
			buildPhases = (
				84F09A9C27DE2A4B00FA579B /* Sources */,
				84F09A9D27DE2A4B00FA579B /* Frameworks */,
				84F09A9E27DE2A4B00FA579B /* Resources */,
			);
			buildRules = (
			);
			dependencies = (
			);
			name = Today;
			productName = Today;
			productReference = 84F09AA027DE2A4C00FA579B /* Today.app */;
			productType = "com.apple.product-type.application";
		};
/* End PBXNativeTarget section */

/* Begin PBXProject section */
		84F09A9827DE2A4B00FA579B /* Project object */ = {
			isa = PBXProject;
			attributes = {
				BuildIndependentTargetsInParallel = 1;
				LastSwiftUpdateCheck = 1320;
				LastUpgradeCheck = 1320;
				TargetAttributes = {
					84F09A9F27DE2A4B00FA579B = {
						CreatedOnToolsVersion = 13.2.1;
					};
				};
			};
			buildConfigurationList = 84F09A9B27DE2A4B00FA579B /* Build configuration list for PBXProject "Today" */;
			compatibilityVersion = "Xcode 13.0";
			developmentRegion = en;
			hasScannedForEncodings = 0;
			knownRegions = (
				en,
				Base,
			);
			mainGroup = 84F09A9727DE2A4B00FA579B;
			productRefGroup = 84F09AA127DE2A4C00FA579B /* Products */;
			projectDirPath = "";
			projectRoot = "";
			targets = (
				84F09A9F27DE2A4B00FA579B /* Today */,
			);
		};
/* End PBXProject section */

/* Begin PBXResourcesBuildPhase section */
		84F09A9E27DE2A4B00FA579B /* Resources */ = {
			isa = PBXResourcesBuildPhase;
			buildActionMask = 2147483647;
			files = (
				84F09AB027DE2A4D00FA579B /* LaunchScreen.storyboard in Resources */,
				84F09AAD27DE2A4D00FA579B /* Assets.xcassets in Resources */,
				84F09AAB27DE2A4C00FA579B /* Main.storyboard in Resources */,
			);
			runOnlyForDeploymentPostprocessing = 0;
		};
/* End PBXResourcesBuildPhase section */

/* Begin PBXSourcesBuildPhase section */
		84F09A9C27DE2A4B00FA579B /* Sources */ = {
			isa = PBXSourcesBuildPhase;
			buildActionMask = 2147483647;
			files = (
				8456B0EC27DF17A5008CE470 /* UIColor+Today.swift in Sources */,
				84F09AA827DE2A4C00FA579B /* ReminderListViewController.swift in Sources */,
				84F09ABB27DE865900FA579B /* Date+Today.swift in Sources */,
				847AF3D527E12A0C00763591 /* ReminderDoneButton.swift in Sources */,
				847AF3D727E12B7E00763591 /* ReminderController+Action.swift in Sources */,
				844D35E327E1BCC10005E4DB /* ReminderViewController+Row.swift in Sources */,
				84F09AA427DE2A4C00FA579B /* AppDelegate.swift in Sources */,
				84F09AA627DE2A4C00FA579B /* SceneDelegate.swift in Sources */,
				84F09AB827DE2C2400FA579B /* Reminder.swift in Sources */,
				8456B0EA27DF1207008CE470 /* ReminderListViewController+DataSource.swift in Sources */,
				844D35E027E1B9350005E4DB /* ReminderViewController.swift in Sources */,
			);
			runOnlyForDeploymentPostprocessing = 0;
		};
/* End PBXSourcesBuildPhase section */

/* Begin PBXVariantGroup section */
		84F09AA927DE2A4C00FA579B /* Main.storyboard */ = {
			isa = PBXVariantGroup;
			children = (
				84F09AAA27DE2A4C00FA579B /* Base */,
			);
			name = Main.storyboard;
			sourceTree = "<group>";
		};
		84F09AAE27DE2A4D00FA579B /* LaunchScreen.storyboard */ = {
			isa = PBXVariantGroup;
			children = (
				84F09AAF27DE2A4D00FA579B /* Base */,
			);
			name = LaunchScreen.storyboard;
			sourceTree = "<group>";
		};
/* End PBXVariantGroup section */

/* Begin XCBuildConfiguration section */
		84F09AB227DE2A4D00FA579B /* Debug */ = {
			isa = XCBuildConfiguration;
			buildSettings = {
				ALWAYS_SEARCH_USER_PATHS = NO;
				CLANG_ANALYZER_NONNULL = YES;
				CLANG_ANALYZER_NUMBER_OBJECT_CONVERSION = YES_AGGRESSIVE;
				CLANG_CXX_LANGUAGE_STANDARD = "gnu++17";
				CLANG_CXX_LIBRARY = "libc++";
				CLANG_ENABLE_MODULES = YES;
				CLANG_ENABLE_OBJC_ARC = YES;
				CLANG_ENABLE_OBJC_WEAK = YES;
				CLANG_WARN_BLOCK_CAPTURE_AUTORELEASING = YES;
				CLANG_WARN_BOOL_CONVERSION = YES;
				CLANG_WARN_COMMA = YES;
				CLANG_WARN_CONSTANT_CONVERSION = YES;
				CLANG_WARN_DEPRECATED_OBJC_IMPLEMENTATIONS = YES;
				CLANG_WARN_DIRECT_OBJC_ISA_USAGE = YES_ERROR;
				CLANG_WARN_DOCUMENTATION_COMMENTS = YES;
				CLANG_WARN_EMPTY_BODY = YES;
				CLANG_WARN_ENUM_CONVERSION = YES;
				CLANG_WARN_INFINITE_RECURSION = YES;
				CLANG_WARN_INT_CONVERSION = YES;
				CLANG_WARN_NON_LITERAL_NULL_CONVERSION = YES;
				CLANG_WARN_OBJC_IMPLICIT_RETAIN_SELF = YES;
				CLANG_WARN_OBJC_LITERAL_CONVERSION = YES;
				CLANG_WARN_OBJC_ROOT_CLASS = YES_ERROR;
				CLANG_WARN_QUOTED_INCLUDE_IN_FRAMEWORK_HEADER = YES;
				CLANG_WARN_RANGE_LOOP_ANALYSIS = YES;
				CLANG_WARN_STRICT_PROTOTYPES = YES;
				CLANG_WARN_SUSPICIOUS_MOVE = YES;
				CLANG_WARN_UNGUARDED_AVAILABILITY = YES_AGGRESSIVE;
				CLANG_WARN_UNREACHABLE_CODE = YES;
				CLANG_WARN__DUPLICATE_METHOD_MATCH = YES;
				COPY_PHASE_STRIP = NO;
				DEBUG_INFORMATION_FORMAT = dwarf;
				ENABLE_STRICT_OBJC_MSGSEND = YES;
				ENABLE_TESTABILITY = YES;
				GCC_C_LANGUAGE_STANDARD = gnu11;
				GCC_DYNAMIC_NO_PIC = NO;
				GCC_NO_COMMON_BLOCKS = YES;
				GCC_OPTIMIZATION_LEVEL = 0;
				GCC_PREPROCESSOR_DEFINITIONS = (
					"DEBUG=1",
					"$(inherited)",
				);
				GCC_WARN_64_TO_32_BIT_CONVERSION = YES;
				GCC_WARN_ABOUT_RETURN_TYPE = YES_ERROR;
				GCC_WARN_UNDECLARED_SELECTOR = YES;
				GCC_WARN_UNINITIALIZED_AUTOS = YES_AGGRESSIVE;
				GCC_WARN_UNUSED_FUNCTION = YES;
				GCC_WARN_UNUSED_VARIABLE = YES;
				IPHONEOS_DEPLOYMENT_TARGET = 15.2;
				MTL_ENABLE_DEBUG_INFO = INCLUDE_SOURCE;
				MTL_FAST_MATH = YES;
				ONLY_ACTIVE_ARCH = YES;
				SDKROOT = iphoneos;
				SWIFT_ACTIVE_COMPILATION_CONDITIONS = DEBUG;
				SWIFT_OPTIMIZATION_LEVEL = "-Onone";
			};
			name = Debug;
		};
		84F09AB327DE2A4D00FA579B /* Release */ = {
			isa = XCBuildConfiguration;
			buildSettings = {
				ALWAYS_SEARCH_USER_PATHS = NO;
				CLANG_ANALYZER_NONNULL = YES;
				CLANG_ANALYZER_NUMBER_OBJECT_CONVERSION = YES_AGGRESSIVE;
				CLANG_CXX_LANGUAGE_STANDARD = "gnu++17";
				CLANG_CXX_LIBRARY = "libc++";
				CLANG_ENABLE_MODULES = YES;
				CLANG_ENABLE_OBJC_ARC = YES;
				CLANG_ENABLE_OBJC_WEAK = YES;
				CLANG_WARN_BLOCK_CAPTURE_AUTORELEASING = YES;
				CLANG_WARN_BOOL_CONVERSION = YES;
				CLANG_WARN_COMMA = YES;
				CLANG_WARN_CONSTANT_CONVERSION = YES;
				CLANG_WARN_DEPRECATED_OBJC_IMPLEMENTATIONS = YES;
				CLANG_WARN_DIRECT_OBJC_ISA_USAGE = YES_ERROR;
				CLANG_WARN_DOCUMENTATION_COMMENTS = YES;
				CLANG_WARN_EMPTY_BODY = YES;
				CLANG_WARN_ENUM_CONVERSION = YES;
				CLANG_WARN_INFINITE_RECURSION = YES;
				CLANG_WARN_INT_CONVERSION = YES;
				CLANG_WARN_NON_LITERAL_NULL_CONVERSION = YES;
				CLANG_WARN_OBJC_IMPLICIT_RETAIN_SELF = YES;
				CLANG_WARN_OBJC_LITERAL_CONVERSION = YES;
				CLANG_WARN_OBJC_ROOT_CLASS = YES_ERROR;
				CLANG_WARN_QUOTED_INCLUDE_IN_FRAMEWORK_HEADER = YES;
				CLANG_WARN_RANGE_LOOP_ANALYSIS = YES;
				CLANG_WARN_STRICT_PROTOTYPES = YES;
				CLANG_WARN_SUSPICIOUS_MOVE = YES;
				CLANG_WARN_UNGUARDED_AVAILABILITY = YES_AGGRESSIVE;
				CLANG_WARN_UNREACHABLE_CODE = YES;
				CLANG_WARN__DUPLICATE_METHOD_MATCH = YES;
				COPY_PHASE_STRIP = NO;
				DEBUG_INFORMATION_FORMAT = "dwarf-with-dsym";
				ENABLE_NS_ASSERTIONS = NO;
				ENABLE_STRICT_OBJC_MSGSEND = YES;
				GCC_C_LANGUAGE_STANDARD = gnu11;
				GCC_NO_COMMON_BLOCKS = YES;
				GCC_WARN_64_TO_32_BIT_CONVERSION = YES;
				GCC_WARN_ABOUT_RETURN_TYPE = YES_ERROR;
				GCC_WARN_UNDECLARED_SELECTOR = YES;
				GCC_WARN_UNINITIALIZED_AUTOS = YES_AGGRESSIVE;
				GCC_WARN_UNUSED_FUNCTION = YES;
				GCC_WARN_UNUSED_VARIABLE = YES;
				IPHONEOS_DEPLOYMENT_TARGET = 15.2;
				MTL_ENABLE_DEBUG_INFO = NO;
				MTL_FAST_MATH = YES;
				SDKROOT = iphoneos;
				SWIFT_COMPILATION_MODE = wholemodule;
				SWIFT_OPTIMIZATION_LEVEL = "-O";
				VALIDATE_PRODUCT = YES;
			};
			name = Release;
		};
		84F09AB527DE2A4D00FA579B /* Debug */ = {
			isa = XCBuildConfiguration;
			buildSettings = {
				ASSETCATALOG_COMPILER_APPICON_NAME = AppIcon;
				ASSETCATALOG_COMPILER_GLOBAL_ACCENT_COLOR_NAME = AccentColor;
				CODE_SIGN_STYLE = Automatic;
				CURRENT_PROJECT_VERSION = 1;
				DEVELOPMENT_TEAM = 8FMRQN65DA;
				GENERATE_INFOPLIST_FILE = YES;
				INFOPLIST_FILE = Today/Info.plist;
				INFOPLIST_KEY_UIApplicationSupportsIndirectInputEvents = YES;
				INFOPLIST_KEY_UILaunchStoryboardName = LaunchScreen;
				INFOPLIST_KEY_UIMainStoryboardFile = Main;
				INFOPLIST_KEY_UISupportedInterfaceOrientations_iPad = "UIInterfaceOrientationPortrait UIInterfaceOrientationPortraitUpsideDown UIInterfaceOrientationLandscapeLeft UIInterfaceOrientationLandscapeRight";
				INFOPLIST_KEY_UISupportedInterfaceOrientations_iPhone = "UIInterfaceOrientationPortrait UIInterfaceOrientationLandscapeLeft UIInterfaceOrientationLandscapeRight";
				LD_RUNPATH_SEARCH_PATHS = (
					"$(inherited)",
					"@executable_path/Frameworks",
				);
				MARKETING_VERSION = 1.0;
				PRODUCT_BUNDLE_IDENTIFIER = com.HumbledProject.Today;
				PRODUCT_NAME = "$(TARGET_NAME)";
				SWIFT_EMIT_LOC_STRINGS = YES;
				SWIFT_VERSION = 5.0;
				TARGETED_DEVICE_FAMILY = "1,2";
			};
			name = Debug;
		};
		84F09AB627DE2A4D00FA579B /* Release */ = {
			isa = XCBuildConfiguration;
			buildSettings = {
				ASSETCATALOG_COMPILER_APPICON_NAME = AppIcon;
				ASSETCATALOG_COMPILER_GLOBAL_ACCENT_COLOR_NAME = AccentColor;
				CODE_SIGN_STYLE = Automatic;
				CURRENT_PROJECT_VERSION = 1;
				DEVELOPMENT_TEAM = 8FMRQN65DA;
				GENERATE_INFOPLIST_FILE = YES;
				INFOPLIST_FILE = Today/Info.plist;
				INFOPLIST_KEY_UIApplicationSupportsIndirectInputEvents = YES;
				INFOPLIST_KEY_UILaunchStoryboardName = LaunchScreen;
				INFOPLIST_KEY_UIMainStoryboardFile = Main;
				INFOPLIST_KEY_UISupportedInterfaceOrientations_iPad = "UIInterfaceOrientationPortrait UIInterfaceOrientationPortraitUpsideDown UIInterfaceOrientationLandscapeLeft UIInterfaceOrientationLandscapeRight";
				INFOPLIST_KEY_UISupportedInterfaceOrientations_iPhone = "UIInterfaceOrientationPortrait UIInterfaceOrientationLandscapeLeft UIInterfaceOrientationLandscapeRight";
				LD_RUNPATH_SEARCH_PATHS = (
					"$(inherited)",
					"@executable_path/Frameworks",
				);
				MARKETING_VERSION = 1.0;
				PRODUCT_BUNDLE_IDENTIFIER = com.HumbledProject.Today;
				PRODUCT_NAME = "$(TARGET_NAME)";
				SWIFT_EMIT_LOC_STRINGS = YES;
				SWIFT_VERSION = 5.0;
				TARGETED_DEVICE_FAMILY = "1,2";
			};
			name = Release;
		};
/* End XCBuildConfiguration section */

/* Begin XCConfigurationList section */
		84F09A9B27DE2A4B00FA579B /* Build configuration list for PBXProject "Today" */ = {
			isa = XCConfigurationList;
			buildConfigurations = (
				84F09AB227DE2A4D00FA579B /* Debug */,
				84F09AB327DE2A4D00FA579B /* Release */,
			);
			defaultConfigurationIsVisible = 0;
			defaultConfigurationName = Release;
		};
		84F09AB427DE2A4D00FA579B /* Build configuration list for PBXNativeTarget "Today" */ = {
			isa = XCConfigurationList;
			buildConfigurations = (
				84F09AB527DE2A4D00FA579B /* Debug */,
				84F09AB627DE2A4D00FA579B /* Release */,
			);
			defaultConfigurationIsVisible = 0;
			defaultConfigurationName = Release;
		};
/* End XCConfigurationList section */
	};
	rootObject = 84F09A9827DE2A4B00FA579B /* Project object */;
}
